PODS:
  - JVFloatLabeledTextField (1.1.0)
  - Socket.IO-Client-Swift (5.5.0)

DEPENDENCIES:
  - JVFloatLabeledTextField
  - Socket.IO-Client-Swift (~> 5.5.0)

SPEC CHECKSUMS:
  JVFloatLabeledTextField: ea4a3d8387ddd43724c472bb2b8ab39b79af05d4
  Socket.IO-Client-Swift: f39dbd4e9b295907bb7fd4b9588b89c00426783d

COCOAPODS: 0.39.0
