// !$*UTF8*$!
{
	archiveVersion = 1;
	classes = {
	};
	objectVersion = 46;
	objects = {

/* Begin PBXBuildFile section */
		1BB0A773DED27EDCA5DDEEB6 /* Pods.framework in Frameworks */ = {isa = PBXBuildFile; fileRef = 453CD72335A6FEC85BFE1D47 /* Pods.framework */; };
		B81B8C433DDAF676AC0513DF /* Pods_DemoPodChat.framework in Frameworks */ = {isa = PBXBuildFile; fileRef = 65FC8A9B0D629102588F3DE4 /* Pods_DemoPodChat.framework */; };
		CA0E94691D2504F800FA6031 /* background.jpg in Resources */ = {isa = PBXBuildFile; fileRef = CA0E94611D2504F800FA6031 /* background.jpg */; };
		CA0E946A1D2504F800FA6031 /* checkbox.png in Resources */ = {isa = PBXBuildFile; fileRef = CA0E94621D2504F800FA6031 /* checkbox.png */; };
		CA0E946B1D2504F800FA6031 /* uncheckbox.png in Resources */ = {isa = PBXBuildFile; fileRef = CA0E94631D2504F800FA6031 /* uncheckbox.png */; };
		CA0E946C1D2504F800FA6031 /* bg3.jpg in Resources */ = {isa = PBXBuildFile; fileRef = CA0E94641D2504F800FA6031 /* bg3.jpg */; };
		CA0E946D1D2504F800FA6031 /* bg2.jpg in Resources */ = {isa = PBXBuildFile; fileRef = CA0E94651D2504F800FA6031 /* bg2.jpg */; };
		CA0E946E1D2504F800FA6031 /* bg1.jpg in Resources */ = {isa = PBXBuildFile; fileRef = CA0E94661D2504F800FA6031 /* bg1.jpg */; };
		CA0E946F1D2504F800FA6031 /* ic_password.png in Resources */ = {isa = PBXBuildFile; fileRef = CA0E94671D2504F800FA6031 /* ic_password.png */; };
		CA0E94701D2504F800FA6031 /* ic_user.png in Resources */ = {isa = PBXBuildFile; fileRef = CA0E94681D2504F800FA6031 /* ic_user.png */; };
		CA1A33E31D216C87006BF4A7 /* ChatViewController.m in Sources */ = {isa = PBXBuildFile; fileRef = CA1A33E21D216C87006BF4A7 /* ChatViewController.m */; };
		CA642A041D1ED9AB000F79A9 /* server.js in Resources */ = {isa = PBXBuildFile; fileRef = CA642A031D1ED9AB000F79A9 /* server.js */; };
		CA7A55B61C8723E900F1BEA4 /* LoginView.m in Sources */ = {isa = PBXBuildFile; fileRef = CA7A55B51C8723E900F1BEA4 /* LoginView.m */; };
		CA7B2A8F1D1FBB1000578466 /* connectSocket.m in Sources */ = {isa = PBXBuildFile; fileRef = CA7B2A8E1D1FBB1000578466 /* connectSocket.m */; };
		CA7B2A921D1FBC4B00578466 /* User.m in Sources */ = {isa = PBXBuildFile; fileRef = CA7B2A911D1FBC4B00578466 /* User.m */; };
		CA7B2A951D1FBCDD00578466 /* Room.m in Sources */ = {isa = PBXBuildFile; fileRef = CA7B2A941D1FBCDD00578466 /* Room.m */; };
		CA7B2A981D1FC02600578466 /* RoomViewController.m in Sources */ = {isa = PBXBuildFile; fileRef = CA7B2A971D1FC02600578466 /* RoomViewController.m */; };
		CA7B2A9F1D1FC0AA00578466 /* TableViewCell.m in Sources */ = {isa = PBXBuildFile; fileRef = CA7B2A9D1D1FC0AA00578466 /* TableViewCell.m */; };
		CA7B2AA01D1FC0AA00578466 /* TableViewCell.xib in Resources */ = {isa = PBXBuildFile; fileRef = CA7B2A9E1D1FC0AA00578466 /* TableViewCell.xib */; };
		CA7B2AA41D2008FE00578466 /* Messager.m in Sources */ = {isa = PBXBuildFile; fileRef = CA7B2AA31D2008FE00578466 /* Messager.m */; };
		CA7C52D81D262652003CB09B /* activityView.xib in Resources */ = {isa = PBXBuildFile; fileRef = CA7C52D51D262652003CB09B /* activityView.xib */; };
		CA7C52D91D262652003CB09B /* activityViewController.m in Sources */ = {isa = PBXBuildFile; fileRef = CA7C52D71D262652003CB09B /* activityViewController.m */; };
		CA8480C01D238B33000537AB /* khang.jpg in Resources */ = {isa = PBXBuildFile; fileRef = CA8480BE1D238B33000537AB /* khang.jpg */; };
		CA8480C11D238B33000537AB /* sang.jpg in Resources */ = {isa = PBXBuildFile; fileRef = CA8480BF1D238B33000537AB /* sang.jpg */; };
		CA897EEC1C7D91AE00441D35 /* main.m in Sources */ = {isa = PBXBuildFile; fileRef = CA897EEB1C7D91AE00441D35 /* main.m */; };
		CA897EEF1C7D91AE00441D35 /* AppDelegate.m in Sources */ = {isa = PBXBuildFile; fileRef = CA897EEE1C7D91AE00441D35 /* AppDelegate.m */; };
		CA897EF21C7D91AE00441D35 /* ViewController.m in Sources */ = {isa = PBXBuildFile; fileRef = CA897EF11C7D91AE00441D35 /* ViewController.m */; };
		CA897EF51C7D91AE00441D35 /* Main.storyboard in Resources */ = {isa = PBXBuildFile; fileRef = CA897EF31C7D91AE00441D35 /* Main.storyboard */; };
		CA897EF71C7D91AE00441D35 /* Assets.xcassets in Resources */ = {isa = PBXBuildFile; fileRef = CA897EF61C7D91AE00441D35 /* Assets.xcassets */; };
		CA897EFA1C7D91AE00441D35 /* LaunchScreen.storyboard in Resources */ = {isa = PBXBuildFile; fileRef = CA897EF81C7D91AE00441D35 /* LaunchScreen.storyboard */; };
		CA897F051C7D91AE00441D35 /* DemoPodChatTests.m in Sources */ = {isa = PBXBuildFile; fileRef = CA897F041C7D91AE00441D35 /* DemoPodChatTests.m */; };
		CA897F101C7D91AE00441D35 /* DemoPodChatUITests.m in Sources */ = {isa = PBXBuildFile; fileRef = CA897F0F1C7D91AE00441D35 /* DemoPodChatUITests.m */; };
		CAB2BD621C7D954700E4F36A /* package.json in Resources */ = {isa = PBXBuildFile; fileRef = CAB2BD611C7D954700E4F36A /* package.json */; };
		CAB2BD631C7D954700E4F36A /* package.json in Resources */ = {isa = PBXBuildFile; fileRef = CAB2BD611C7D954700E4F36A /* package.json */; };
/* End PBXBuildFile section */

/* Begin PBXContainerItemProxy section */
		CA897F011C7D91AE00441D35 /* PBXContainerItemProxy */ = {
			isa = PBXContainerItemProxy;
			containerPortal = CA897EDF1C7D91AE00441D35 /* Project object */;
			proxyType = 1;
			remoteGlobalIDString = CA897EE61C7D91AE00441D35;
			remoteInfo = DemoPodChat;
		};
		CA897F0C1C7D91AE00441D35 /* PBXContainerItemProxy */ = {
			isa = PBXContainerItemProxy;
			containerPortal = CA897EDF1C7D91AE00441D35 /* Project object */;
			proxyType = 1;
			remoteGlobalIDString = CA897EE61C7D91AE00441D35;
			remoteInfo = DemoPodChat;
		};
/* End PBXContainerItemProxy section */

/* Begin PBXFileReference section */
		453CD72335A6FEC85BFE1D47 /* Pods.framework */ = {isa = PBXFileReference; explicitFileType = wrapper.framework; includeInIndex = 0; path = Pods.framework; sourceTree = BUILT_PRODUCTS_DIR; };
		61A6A42B7287257D5D2D17A0 /* Pods.debug.xcconfig */ = {isa = PBXFileReference; includeInIndex = 1; lastKnownFileType = text.xcconfig; name = Pods.debug.xcconfig; path = "Pods/Target Support Files/Pods/Pods.debug.xcconfig"; sourceTree = "<group>"; };
		65FC8A9B0D629102588F3DE4 /* Pods_DemoPodChat.framework */ = {isa = PBXFileReference; explicitFileType = wrapper.framework; includeInIndex = 0; path = Pods_DemoPodChat.framework; sourceTree = BUILT_PRODUCTS_DIR; };
		ACEA2933B39D6F7DDB32B2E2 /* Pods.release.xcconfig */ = {isa = PBXFileReference; includeInIndex = 1; lastKnownFileType = text.xcconfig; name = Pods.release.xcconfig; path = "Pods/Target Support Files/Pods/Pods.release.xcconfig"; sourceTree = "<group>"; };
		CA0E94611D2504F800FA6031 /* background.jpg */ = {isa = PBXFileReference; lastKnownFileType = image.jpeg; path = background.jpg; sourceTree = "<group>"; };
		CA0E94621D2504F800FA6031 /* checkbox.png */ = {isa = PBXFileReference; lastKnownFileType = image.png; path = checkbox.png; sourceTree = "<group>"; };
		CA0E94631D2504F800FA6031 /* uncheckbox.png */ = {isa = PBXFileReference; lastKnownFileType = image.png; path = uncheckbox.png; sourceTree = "<group>"; };
		CA0E94641D2504F800FA6031 /* bg3.jpg */ = {isa = PBXFileReference; lastKnownFileType = image.jpeg; path = bg3.jpg; sourceTree = "<group>"; };
		CA0E94651D2504F800FA6031 /* bg2.jpg */ = {isa = PBXFileReference; lastKnownFileType = image.jpeg; path = bg2.jpg; sourceTree = "<group>"; };
		CA0E94661D2504F800FA6031 /* bg1.jpg */ = {isa = PBXFileReference; lastKnownFileType = image.jpeg; path = bg1.jpg; sourceTree = "<group>"; };
		CA0E94671D2504F800FA6031 /* ic_password.png */ = {isa = PBXFileReference; lastKnownFileType = image.png; path = ic_password.png; sourceTree = "<group>"; };
		CA0E94681D2504F800FA6031 /* ic_user.png */ = {isa = PBXFileReference; lastKnownFileType = image.png; path = ic_user.png; sourceTree = "<group>"; };
		CA1A33E11D216C87006BF4A7 /* ChatViewController.h */ = {isa = PBXFileReference; fileEncoding = 4; lastKnownFileType = sourcecode.c.h; path = ChatViewController.h; sourceTree = "<group>"; };
		CA1A33E21D216C87006BF4A7 /* ChatViewController.m */ = {isa = PBXFileReference; fileEncoding = 4; lastKnownFileType = sourcecode.c.objc; path = ChatViewController.m; sourceTree = "<group>"; };
		CA642A031D1ED9AB000F79A9 /* server.js */ = {isa = PBXFileReference; fileEncoding = 4; lastKnownFileType = sourcecode.javascript; path = server.js; sourceTree = "<group>"; };
		CA7A55B41C8723E900F1BEA4 /* LoginView.h */ = {isa = PBXFileReference; fileEncoding = 4; lastKnownFileType = sourcecode.c.h; path = LoginView.h; sourceTree = "<group>"; };
		CA7A55B51C8723E900F1BEA4 /* LoginView.m */ = {isa = PBXFileReference; fileEncoding = 4; lastKnownFileType = sourcecode.c.objc; path = LoginView.m; sourceTree = "<group>"; };
		CA7B2A8D1D1FBB1000578466 /* connectSocket.h */ = {isa = PBXFileReference; fileEncoding = 4; lastKnownFileType = sourcecode.c.h; path = connectSocket.h; sourceTree = "<group>"; };
		CA7B2A8E1D1FBB1000578466 /* connectSocket.m */ = {isa = PBXFileReference; fileEncoding = 4; lastKnownFileType = sourcecode.c.objc; path = connectSocket.m; sourceTree = "<group>"; };
		CA7B2A901D1FBC4B00578466 /* User.h */ = {isa = PBXFileReference; fileEncoding = 4; lastKnownFileType = sourcecode.c.h; path = User.h; sourceTree = "<group>"; };
		CA7B2A911D1FBC4B00578466 /* User.m */ = {isa = PBXFileReference; fileEncoding = 4; lastKnownFileType = sourcecode.c.objc; path = User.m; sourceTree = "<group>"; };
		CA7B2A931D1FBCDD00578466 /* Room.h */ = {isa = PBXFileReference; fileEncoding = 4; lastKnownFileType = sourcecode.c.h; path = Room.h; sourceTree = "<group>"; };
		CA7B2A941D1FBCDD00578466 /* Room.m */ = {isa = PBXFileReference; fileEncoding = 4; lastKnownFileType = sourcecode.c.objc; path = Room.m; sourceTree = "<group>"; };
		CA7B2A961D1FC02600578466 /* RoomViewController.h */ = {isa = PBXFileReference; fileEncoding = 4; lastKnownFileType = sourcecode.c.h; path = RoomViewController.h; sourceTree = "<group>"; };
		CA7B2A971D1FC02600578466 /* RoomViewController.m */ = {isa = PBXFileReference; fileEncoding = 4; lastKnownFileType = sourcecode.c.objc; path = RoomViewController.m; sourceTree = "<group>"; };
		CA7B2A9C1D1FC0AA00578466 /* TableViewCell.h */ = {isa = PBXFileReference; fileEncoding = 4; lastKnownFileType = sourcecode.c.h; path = TableViewCell.h; sourceTree = "<group>"; };
		CA7B2A9D1D1FC0AA00578466 /* TableViewCell.m */ = {isa = PBXFileReference; fileEncoding = 4; lastKnownFileType = sourcecode.c.objc; path = TableViewCell.m; sourceTree = "<group>"; };
		CA7B2A9E1D1FC0AA00578466 /* TableViewCell.xib */ = {isa = PBXFileReference; fileEncoding = 4; lastKnownFileType = file.xib; path = TableViewCell.xib; sourceTree = "<group>"; };
		CA7B2AA21D2008FE00578466 /* Messager.h */ = {isa = PBXFileReference; fileEncoding = 4; lastKnownFileType = sourcecode.c.h; path = Messager.h; sourceTree = "<group>"; };
		CA7B2AA31D2008FE00578466 /* Messager.m */ = {isa = PBXFileReference; fileEncoding = 4; lastKnownFileType = sourcecode.c.objc; path = Messager.m; sourceTree = "<group>"; };
		CA7C52D51D262652003CB09B /* activityView.xib */ = {isa = PBXFileReference; fileEncoding = 4; lastKnownFileType = file.xib; path = activityView.xib; sourceTree = "<group>"; };
		CA7C52D61D262652003CB09B /* activityViewController.h */ = {isa = PBXFileReference; fileEncoding = 4; lastKnownFileType = sourcecode.c.h; path = activityViewController.h; sourceTree = "<group>"; };
		CA7C52D71D262652003CB09B /* activityViewController.m */ = {isa = PBXFileReference; fileEncoding = 4; lastKnownFileType = sourcecode.c.objc; path = activityViewController.m; sourceTree = "<group>"; };
		CA8480BE1D238B33000537AB /* khang.jpg */ = {isa = PBXFileReference; lastKnownFileType = image.jpeg; path = khang.jpg; sourceTree = "<group>"; };
		CA8480BF1D238B33000537AB /* sang.jpg */ = {isa = PBXFileReference; lastKnownFileType = image.jpeg; path = sang.jpg; sourceTree = "<group>"; };
		CA897EE71C7D91AE00441D35 /* DemoPodChat.app */ = {isa = PBXFileReference; explicitFileType = wrapper.application; includeInIndex = 0; path = DemoPodChat.app; sourceTree = BUILT_PRODUCTS_DIR; };
		CA897EEB1C7D91AE00441D35 /* main.m */ = {isa = PBXFileReference; lastKnownFileType = sourcecode.c.objc; path = main.m; sourceTree = "<group>"; };
		CA897EED1C7D91AE00441D35 /* AppDelegate.h */ = {isa = PBXFileReference; lastKnownFileType = sourcecode.c.h; path = AppDelegate.h; sourceTree = "<group>"; };
		CA897EEE1C7D91AE00441D35 /* AppDelegate.m */ = {isa = PBXFileReference; lastKnownFileType = sourcecode.c.objc; path = AppDelegate.m; sourceTree = "<group>"; };
		CA897EF01C7D91AE00441D35 /* ViewController.h */ = {isa = PBXFileReference; lastKnownFileType = sourcecode.c.h; path = ViewController.h; sourceTree = "<group>"; };
		CA897EF11C7D91AE00441D35 /* ViewController.m */ = {isa = PBXFileReference; lastKnownFileType = sourcecode.c.objc; path = ViewController.m; sourceTree = "<group>"; };
		CA897EF41C7D91AE00441D35 /* Base */ = {isa = PBXFileReference; lastKnownFileType = file.storyboard; name = Base; path = Base.lproj/Main.storyboard; sourceTree = "<group>"; };
		CA897EF61C7D91AE00441D35 /* Assets.xcassets */ = {isa = PBXFileReference; lastKnownFileType = folder.assetcatalog; path = Assets.xcassets; sourceTree = "<group>"; };
		CA897EF91C7D91AE00441D35 /* Base */ = {isa = PBXFileReference; lastKnownFileType = file.storyboard; name = Base; path = Base.lproj/LaunchScreen.storyboard; sourceTree = "<group>"; };
		CA897EFB1C7D91AE00441D35 /* Info.plist */ = {isa = PBXFileReference; lastKnownFileType = text.plist.xml; path = Info.plist; sourceTree = "<group>"; };
		CA897F001C7D91AE00441D35 /* DemoPodChatTests.xctest */ = {isa = PBXFileReference; explicitFileType = wrapper.cfbundle; includeInIndex = 0; path = DemoPodChatTests.xctest; sourceTree = BUILT_PRODUCTS_DIR; };
		CA897F041C7D91AE00441D35 /* DemoPodChatTests.m */ = {isa = PBXFileReference; lastKnownFileType = sourcecode.c.objc; path = DemoPodChatTests.m; sourceTree = "<group>"; };
		CA897F061C7D91AE00441D35 /* Info.plist */ = {isa = PBXFileReference; lastKnownFileType = text.plist.xml; path = Info.plist; sourceTree = "<group>"; };
		CA897F0B1C7D91AE00441D35 /* DemoPodChatUITests.xctest */ = {isa = PBXFileReference; explicitFileType = wrapper.cfbundle; includeInIndex = 0; path = DemoPodChatUITests.xctest; sourceTree = BUILT_PRODUCTS_DIR; };
		CA897F0F1C7D91AE00441D35 /* DemoPodChatUITests.m */ = {isa = PBXFileReference; lastKnownFileType = sourcecode.c.objc; path = DemoPodChatUITests.m; sourceTree = "<group>"; };
		CA897F111C7D91AE00441D35 /* Info.plist */ = {isa = PBXFileReference; lastKnownFileType = text.plist.xml; path = Info.plist; sourceTree = "<group>"; };
		CAB2BD611C7D954700E4F36A /* package.json */ = {isa = PBXFileReference; fileEncoding = 4; lastKnownFileType = text.json; path = package.json; sourceTree = "<group>"; };
/* End PBXFileReference section */

/* Begin PBXFrameworksBuildPhase section */
		CA897EE41C7D91AE00441D35 /* Frameworks */ = {
			isa = PBXFrameworksBuildPhase;
			buildActionMask = 2147483647;
			files = (
				1BB0A773DED27EDCA5DDEEB6 /* Pods.framework in Frameworks */,
				B81B8C433DDAF676AC0513DF /* Pods_DemoPodChat.framework in Frameworks */,
			);
			runOnlyForDeploymentPostprocessing = 0;
		};
		CA897EFD1C7D91AE00441D35 /* Frameworks */ = {
			isa = PBXFrameworksBuildPhase;
			buildActionMask = 2147483647;
			files = (
			);
			runOnlyForDeploymentPostprocessing = 0;
		};
		CA897F081C7D91AE00441D35 /* Frameworks */ = {
			isa = PBXFrameworksBuildPhase;
			buildActionMask = 2147483647;
			files = (
			);
			runOnlyForDeploymentPostprocessing = 0;
		};
/* End PBXFrameworksBuildPhase section */

/* Begin PBXGroup section */
		BABBF981AD0A7E0EFC058A99 /* Frameworks */ = {
			isa = PBXGroup;
			children = (
				453CD72335A6FEC85BFE1D47 /* Pods.framework */,
				65FC8A9B0D629102588F3DE4 /* Pods_DemoPodChat.framework */,
			);
			name = Frameworks;
			sourceTree = "<group>";
		};
		CA0E945E1D25043600FA6031 /* Image */ = {
			isa = PBXGroup;
			children = (
				CA8480BE1D238B33000537AB /* khang.jpg */,
				CA0E94611D2504F800FA6031 /* background.jpg */,
				CA0E94621D2504F800FA6031 /* checkbox.png */,
				CA0E94631D2504F800FA6031 /* uncheckbox.png */,
				CA0E94641D2504F800FA6031 /* bg3.jpg */,
				CA0E94651D2504F800FA6031 /* bg2.jpg */,
				CA0E94661D2504F800FA6031 /* bg1.jpg */,
				CA0E94671D2504F800FA6031 /* ic_password.png */,
				CA0E94681D2504F800FA6031 /* ic_user.png */,
				CA8480BF1D238B33000537AB /* sang.jpg */,
			);
			path = Image;
			sourceTree = "<group>";
		};
		CA7B2A8C1D1FBAE000578466 /* API */ = {
			isa = PBXGroup;
			children = (
				CA7B2A8D1D1FBB1000578466 /* connectSocket.h */,
				CA7B2A8E1D1FBB1000578466 /* connectSocket.m */,
				CA7B2A901D1FBC4B00578466 /* User.h */,
				CA7B2A911D1FBC4B00578466 /* User.m */,
				CA7B2A931D1FBCDD00578466 /* Room.h */,
				CA7B2A941D1FBCDD00578466 /* Room.m */,
				CA7B2AA21D2008FE00578466 /* Messager.h */,
				CA7B2AA31D2008FE00578466 /* Messager.m */,
			);
			name = API;
			sourceTree = "<group>";
		};
		CA7B2A991D1FC03C00578466 /* Controller */ = {
			isa = PBXGroup;
			children = (
				CA897EF01C7D91AE00441D35 /* ViewController.h */,
				CA897EF11C7D91AE00441D35 /* ViewController.m */,
				CA7A55B41C8723E900F1BEA4 /* LoginView.h */,
				CA7A55B51C8723E900F1BEA4 /* LoginView.m */,
				CA7B2A961D1FC02600578466 /* RoomViewController.h */,
				CA7B2A971D1FC02600578466 /* RoomViewController.m */,
				CA1A33E11D216C87006BF4A7 /* ChatViewController.h */,
				CA1A33E21D216C87006BF4A7 /* ChatViewController.m */,
			);
			name = Controller;
			sourceTree = "<group>";
		};
		CA7B2A9A1D1FC05800578466 /* View */ = {
			isa = PBXGroup;
			children = (
				CA7C52D11D2625BC003CB09B /* activity */,
				CA7B2AA11D1FC0C000578466 /* UserOnline */,
				CA7B2A9B1D1FC08400578466 /* Room */,
			);
			name = View;
			sourceTree = "<group>";
		};
		CA7B2A9B1D1FC08400578466 /* Room */ = {
			isa = PBXGroup;
			children = (
				CA7B2A9C1D1FC0AA00578466 /* TableViewCell.h */,
				CA7B2A9D1D1FC0AA00578466 /* TableViewCell.m */,
				CA7B2A9E1D1FC0AA00578466 /* TableViewCell.xib */,
			);
			name = Room;
			sourceTree = "<group>";
		};
		CA7B2AA11D1FC0C000578466 /* UserOnline */ = {
			isa = PBXGroup;
			children = (
			);
			name = UserOnline;
			sourceTree = "<group>";
		};
		CA7C52D11D2625BC003CB09B /* activity */ = {
			isa = PBXGroup;
			children = (
				CA7C52D51D262652003CB09B /* activityView.xib */,
				CA7C52D61D262652003CB09B /* activityViewController.h */,
				CA7C52D71D262652003CB09B /* activityViewController.m */,
			);
			name = activity;
			sourceTree = "<group>";
		};
		CA897EDE1C7D91AE00441D35 = {
			isa = PBXGroup;
			children = (
				CA642A031D1ED9AB000F79A9 /* server.js */,
				CAB2BD611C7D954700E4F36A /* package.json */,
				CA897EE91C7D91AE00441D35 /* DemoPodChat */,
				CA897F031C7D91AE00441D35 /* DemoPodChatTests */,
				CA897F0E1C7D91AE00441D35 /* DemoPodChatUITests */,
				CA897EE81C7D91AE00441D35 /* Products */,
				DC2F9CCA0FA1B26FC9AFC5A5 /* Pods */,
				BABBF981AD0A7E0EFC058A99 /* Frameworks */,
			);
			sourceTree = "<group>";
		};
		CA897EE81C7D91AE00441D35 /* Products */ = {
			isa = PBXGroup;
			children = (
				CA897EE71C7D91AE00441D35 /* DemoPodChat.app */,
				CA897F001C7D91AE00441D35 /* DemoPodChatTests.xctest */,
				CA897F0B1C7D91AE00441D35 /* DemoPodChatUITests.xctest */,
			);
			name = Products;
			sourceTree = "<group>";
		};
		CA897EE91C7D91AE00441D35 /* DemoPodChat */ = {
			isa = PBXGroup;
			children = (
				CA0E945E1D25043600FA6031 /* Image */,
				CA7B2A8C1D1FBAE000578466 /* API */,
				CA7B2A9A1D1FC05800578466 /* View */,
				CA7B2A991D1FC03C00578466 /* Controller */,
				CA897EED1C7D91AE00441D35 /* AppDelegate.h */,
				CA897EEE1C7D91AE00441D35 /* AppDelegate.m */,
				CA897EF31C7D91AE00441D35 /* Main.storyboard */,
				CA897EF61C7D91AE00441D35 /* Assets.xcassets */,
				CA897EF81C7D91AE00441D35 /* LaunchScreen.storyboard */,
				CA897EFB1C7D91AE00441D35 /* Info.plist */,
				CA897EEA1C7D91AE00441D35 /* Supporting Files */,
			);
			path = DemoPodChat;
			sourceTree = "<group>";
		};
		CA897EEA1C7D91AE00441D35 /* Supporting Files */ = {
			isa = PBXGroup;
			children = (
				CA897EEB1C7D91AE00441D35 /* main.m */,
			);
			name = "Supporting Files";
			sourceTree = "<group>";
		};
		CA897F031C7D91AE00441D35 /* DemoPodChatTests */ = {
			isa = PBXGroup;
			children = (
				CA897F041C7D91AE00441D35 /* DemoPodChatTests.m */,
				CA897F061C7D91AE00441D35 /* Info.plist */,
			);
			path = DemoPodChatTests;
			sourceTree = "<group>";
		};
		CA897F0E1C7D91AE00441D35 /* DemoPodChatUITests */ = {
			isa = PBXGroup;
			children = (
				CA897F0F1C7D91AE00441D35 /* DemoPodChatUITests.m */,
				CA897F111C7D91AE00441D35 /* Info.plist */,
			);
			path = DemoPodChatUITests;
			sourceTree = "<group>";
		};
		DC2F9CCA0FA1B26FC9AFC5A5 /* Pods */ = {
			isa = PBXGroup;
			children = (
				61A6A42B7287257D5D2D17A0 /* Pods.debug.xcconfig */,
				ACEA2933B39D6F7DDB32B2E2 /* Pods.release.xcconfig */,
			);
			name = Pods;
			sourceTree = "<group>";
		};
/* End PBXGroup section */

/* Begin PBXNativeTarget section */
		CA897EE61C7D91AE00441D35 /* DemoPodChat */ = {
			isa = PBXNativeTarget;
			buildConfigurationList = CA897F141C7D91AE00441D35 /* Build configuration list for PBXNativeTarget "DemoPodChat" */;
			buildPhases = (
				8CCBE4AD82619241CD681ED0 /* Check Pods Manifest.lock */,
				CA897EE31C7D91AE00441D35 /* Sources */,
				CA897EE41C7D91AE00441D35 /* Frameworks */,
				CA897EE51C7D91AE00441D35 /* Resources */,
				9582740E6F07C203CCDC8ED4 /* Embed Pods Frameworks */,
				DFD2C584AE22B442BC6C0D7B /* Copy Pods Resources */,
			);
			buildRules = (
			);
			dependencies = (
			);
			name = DemoPodChat;
			productName = DemoPodChat;
			productReference = CA897EE71C7D91AE00441D35 /* DemoPodChat.app */;
			productType = "com.apple.product-type.application";
		};
		CA897EFF1C7D91AE00441D35 /* DemoPodChatTests */ = {
			isa = PBXNativeTarget;
			buildConfigurationList = CA897F171C7D91AE00441D35 /* Build configuration list for PBXNativeTarget "DemoPodChatTests" */;
			buildPhases = (
				CA897EFC1C7D91AE00441D35 /* Sources */,
				CA897EFD1C7D91AE00441D35 /* Frameworks */,
				CA897EFE1C7D91AE00441D35 /* Resources */,
			);
			buildRules = (
			);
			dependencies = (
				CA897F021C7D91AE00441D35 /* PBXTargetDependency */,
			);
			name = DemoPodChatTests;
			productName = DemoPodChatTests;
			productReference = CA897F001C7D91AE00441D35 /* DemoPodChatTests.xctest */;
			productType = "com.apple.product-type.bundle.unit-test";
		};
		CA897F0A1C7D91AE00441D35 /* DemoPodChatUITests */ = {
			isa = PBXNativeTarget;
			buildConfigurationList = CA897F1A1C7D91AE00441D35 /* Build configuration list for PBXNativeTarget "DemoPodChatUITests" */;
			buildPhases = (
				CA897F071C7D91AE00441D35 /* Sources */,
				CA897F081C7D91AE00441D35 /* Frameworks */,
				CA897F091C7D91AE00441D35 /* Resources */,
			);
			buildRules = (
			);
			dependencies = (
				CA897F0D1C7D91AE00441D35 /* PBXTargetDependency */,
			);
			name = DemoPodChatUITests;
			productName = DemoPodChatUITests;
			productReference = CA897F0B1C7D91AE00441D35 /* DemoPodChatUITests.xctest */;
			productType = "com.apple.product-type.bundle.ui-testing";
		};
/* End PBXNativeTarget section */

/* Begin PBXProject section */
		CA897EDF1C7D91AE00441D35 /* Project object */ = {
			isa = PBXProject;
			attributes = {
				LastUpgradeCheck = 0720;
				ORGANIZATIONNAME = ThanhSon;
				TargetAttributes = {
					CA897EE61C7D91AE00441D35 = {
						CreatedOnToolsVersion = 7.2;
						DevelopmentTeam = 52BEENW56Y;
					};
					CA897EFF1C7D91AE00441D35 = {
						CreatedOnToolsVersion = 7.2;
						DevelopmentTeam = 52BEENW56Y;
						TestTargetID = CA897EE61C7D91AE00441D35;
					};
					CA897F0A1C7D91AE00441D35 = {
						CreatedOnToolsVersion = 7.2;
						DevelopmentTeam = 52BEENW56Y;
						TestTargetID = CA897EE61C7D91AE00441D35;
					};
				};
			};
			buildConfigurationList = CA897EE21C7D91AE00441D35 /* Build configuration list for PBXProject "DemoPodChat" */;
			compatibilityVersion = "Xcode 3.2";
			developmentRegion = English;
			hasScannedForEncodings = 0;
			knownRegions = (
				en,
				Base,
			);
			mainGroup = CA897EDE1C7D91AE00441D35;
			productRefGroup = CA897EE81C7D91AE00441D35 /* Products */;
			projectDirPath = "";
			projectRoot = "";
			targets = (
				CA897EE61C7D91AE00441D35 /* DemoPodChat */,
				CA897EFF1C7D91AE00441D35 /* DemoPodChatTests */,
				CA897F0A1C7D91AE00441D35 /* DemoPodChatUITests */,
			);
		};
/* End PBXProject section */

/* Begin PBXResourcesBuildPhase section */
		CA897EE51C7D91AE00441D35 /* Resources */ = {
			isa = PBXResourcesBuildPhase;
			buildActionMask = 2147483647;
			files = (
				CA0E946F1D2504F800FA6031 /* ic_password.png in Resources */,
				CAB2BD621C7D954700E4F36A /* package.json in Resources */,
				CA0E94691D2504F800FA6031 /* background.jpg in Resources */,
				CA8480C01D238B33000537AB /* khang.jpg in Resources */,
				CA0E946D1D2504F800FA6031 /* bg2.jpg in Resources */,
				CA7B2AA01D1FC0AA00578466 /* TableViewCell.xib in Resources */,
				CA0E946A1D2504F800FA6031 /* checkbox.png in Resources */,
				CA897EFA1C7D91AE00441D35 /* LaunchScreen.storyboard in Resources */,
				CA8480C11D238B33000537AB /* sang.jpg in Resources */,
				CA897EF71C7D91AE00441D35 /* Assets.xcassets in Resources */,
				CA0E946E1D2504F800FA6031 /* bg1.jpg in Resources */,
				CA897EF51C7D91AE00441D35 /* Main.storyboard in Resources */,
				CA0E94701D2504F800FA6031 /* ic_user.png in Resources */,
				CA642A041D1ED9AB000F79A9 /* server.js in Resources */,
				CA0E946C1D2504F800FA6031 /* bg3.jpg in Resources */,
				CA0E946B1D2504F800FA6031 /* uncheckbox.png in Resources */,
				CA7C52D81D262652003CB09B /* activityView.xib in Resources */,
			);
			runOnlyForDeploymentPostprocessing = 0;
		};
		CA897EFE1C7D91AE00441D35 /* Resources */ = {
			isa = PBXResourcesBuildPhase;
			buildActionMask = 2147483647;
			files = (
				CAB2BD631C7D954700E4F36A /* package.json in Resources */,
			);
			runOnlyForDeploymentPostprocessing = 0;
		};
		CA897F091C7D91AE00441D35 /* Resources */ = {
			isa = PBXResourcesBuildPhase;
			buildActionMask = 2147483647;
			files = (
			);
			runOnlyForDeploymentPostprocessing = 0;
		};
/* End PBXResourcesBuildPhase section */

/* Begin PBXShellScriptBuildPhase section */
		8CCBE4AD82619241CD681ED0 /* Check Pods Manifest.lock */ = {
			isa = PBXShellScriptBuildPhase;
			buildActionMask = 2147483647;
			files = (
			);
			inputPaths = (
			);
			name = "Check Pods Manifest.lock";
			outputPaths = (
			);
			runOnlyForDeploymentPostprocessing = 0;
			shellPath = /bin/sh;
			shellScript = "diff \"${PODS_ROOT}/../Podfile.lock\" \"${PODS_ROOT}/Manifest.lock\" > /dev/null\nif [[ $? != 0 ]] ; then\n    cat << EOM\nerror: The sandbox is not in sync with the Podfile.lock. Run 'pod install' or update your CocoaPods installation.\nEOM\n    exit 1\nfi\n";
			showEnvVarsInLog = 0;
		};
		9582740E6F07C203CCDC8ED4 /* Embed Pods Frameworks */ = {
			isa = PBXShellScriptBuildPhase;
			buildActionMask = 2147483647;
			files = (
			);
			inputPaths = (
			);
			name = "Embed Pods Frameworks";
			outputPaths = (
			);
			runOnlyForDeploymentPostprocessing = 0;
			shellPath = /bin/sh;
			shellScript = "\"${SRCROOT}/Pods/Target Support Files/Pods-DemoPodChat/Pods-DemoPodChat-frameworks.sh\"\n";
			showEnvVarsInLog = 0;
		};
		DFD2C584AE22B442BC6C0D7B /* Copy Pods Resources */ = {
			isa = PBXShellScriptBuildPhase;
			buildActionMask = 2147483647;
			files = (
			);
			inputPaths = (
			);
			name = "Copy Pods Resources";
			outputPaths = (
			);
			runOnlyForDeploymentPostprocessing = 0;
			shellPath = /bin/sh;
			shellScript = "\"${SRCROOT}/Pods/Target Support Files/Pods/Pods-resources.sh\"\n";
			showEnvVarsInLog = 0;
		};
/* End PBXShellScriptBuildPhase section */

/* Begin PBXSourcesBuildPhase section */
		CA897EE31C7D91AE00441D35 /* Sources */ = {
			isa = PBXSourcesBuildPhase;
			buildActionMask = 2147483647;
			files = (
				CA897EF21C7D91AE00441D35 /* ViewController.m in Sources */,
				CA897EEF1C7D91AE00441D35 /* AppDelegate.m in Sources */,
				CA7B2A921D1FBC4B00578466 /* User.m in Sources */,
				CA7B2A981D1FC02600578466 /* RoomViewController.m in Sources */,
				CA1A33E31D216C87006BF4A7 /* ChatViewController.m in Sources */,
				CA7B2AA41D2008FE00578466 /* Messager.m in Sources */,
				CA7B2A9F1D1FC0AA00578466 /* TableViewCell.m in Sources */,
				CA7A55B61C8723E900F1BEA4 /* LoginView.m in Sources */,
				CA7B2A8F1D1FBB1000578466 /* connectSocket.m in Sources */,
				CA7B2A951D1FBCDD00578466 /* Room.m in Sources */,
				CA897EEC1C7D91AE00441D35 /* main.m in Sources */,
				CA7C52D91D262652003CB09B /* activityViewController.m in Sources */,
			);
			runOnlyForDeploymentPostprocessing = 0;
		};
		CA897EFC1C7D91AE00441D35 /* Sources */ = {
			isa = PBXSourcesBuildPhase;
			buildActionMask = 2147483647;
			files = (
				CA897F051C7D91AE00441D35 /* DemoPodChatTests.m in Sources */,
			);
			runOnlyForDeploymentPostprocessing = 0;
		};
		CA897F071C7D91AE00441D35 /* Sources */ = {
			isa = PBXSourcesBuildPhase;
			buildActionMask = 2147483647;
			files = (
				CA897F101C7D91AE00441D35 /* DemoPodChatUITests.m in Sources */,
			);
			runOnlyForDeploymentPostprocessing = 0;
		};
/* End PBXSourcesBuildPhase section */

/* Begin PBXTargetDependency section */
		CA897F021C7D91AE00441D35 /* PBXTargetDependency */ = {
			isa = PBXTargetDependency;
			target = CA897EE61C7D91AE00441D35 /* DemoPodChat */;
			targetProxy = CA897F011C7D91AE00441D35 /* PBXContainerItemProxy */;
		};
		CA897F0D1C7D91AE00441D35 /* PBXTargetDependency */ = {
			isa = PBXTargetDependency;
			target = CA897EE61C7D91AE00441D35 /* DemoPodChat */;
			targetProxy = CA897F0C1C7D91AE00441D35 /* PBXContainerItemProxy */;
		};
/* End PBXTargetDependency section */

/* Begin PBXVariantGroup section */
		CA897EF31C7D91AE00441D35 /* Main.storyboard */ = {
			isa = PBXVariantGroup;
			children = (
				CA897EF41C7D91AE00441D35 /* Base */,
			);
			name = Main.storyboard;
			sourceTree = "<group>";
		};
		CA897EF81C7D91AE00441D35 /* LaunchScreen.storyboard */ = {
			isa = PBXVariantGroup;
			children = (
				CA897EF91C7D91AE00441D35 /* Base */,
			);
			name = LaunchScreen.storyboard;
			sourceTree = "<group>";
		};
/* End PBXVariantGroup section */

/* Begin XCBuildConfiguration section */
		CA897F121C7D91AE00441D35 /* Debug */ = {
			isa = XCBuildConfiguration;
			buildSettings = {
				ALWAYS_SEARCH_USER_PATHS = NO;
				CLANG_CXX_LANGUAGE_STANDARD = "gnu++0x";
				CLANG_CXX_LIBRARY = "libc++";
				CLANG_ENABLE_MODULES = YES;
				CLANG_ENABLE_OBJC_ARC = YES;
				CLANG_WARN_BOOL_CONVERSION = YES;
				CLANG_WARN_CONSTANT_CONVERSION = YES;
				CLANG_WARN_DIRECT_OBJC_ISA_USAGE = YES_ERROR;
				CLANG_WARN_EMPTY_BODY = YES;
				CLANG_WARN_ENUM_CONVERSION = YES;
				CLANG_WARN_INT_CONVERSION = YES;
				CLANG_WARN_OBJC_ROOT_CLASS = YES_ERROR;
				CLANG_WARN_UNREACHABLE_CODE = YES;
				CLANG_WARN__DUPLICATE_METHOD_MATCH = YES;
				"CODE_SIGN_IDENTITY[sdk=iphoneos*]" = "iPhone Developer";
				COPY_PHASE_STRIP = NO;
				DEBUG_INFORMATION_FORMAT = dwarf;
				ENABLE_STRICT_OBJC_MSGSEND = YES;
				ENABLE_TESTABILITY = YES;
				GCC_C_LANGUAGE_STANDARD = gnu99;
				GCC_DYNAMIC_NO_PIC = NO;
				GCC_NO_COMMON_BLOCKS = YES;
				GCC_OPTIMIZATION_LEVEL = 0;
				GCC_PREPROCESSOR_DEFINITIONS = (
					"DEBUG=1",
					"$(inherited)",
				);
				GCC_WARN_64_TO_32_BIT_CONVERSION = YES;
				GCC_WARN_ABOUT_RETURN_TYPE = YES_ERROR;
				GCC_WARN_UNDECLARED_SELECTOR = YES;
				GCC_WARN_UNINITIALIZED_AUTOS = YES_AGGRESSIVE;
				GCC_WARN_UNUSED_FUNCTION = YES;
				GCC_WARN_UNUSED_VARIABLE = YES;
				IPHONEOS_DEPLOYMENT_TARGET = 9.2;
				MTL_ENABLE_DEBUG_INFO = YES;
				ONLY_ACTIVE_ARCH = YES;
				SDKROOT = iphoneos;
				TARGETED_DEVICE_FAMILY = "1,2";
			};
			name = Debug;
		};
		CA897F131C7D91AE00441D35 /* Release */ = {
			isa = XCBuildConfiguration;
			buildSettings = {
				ALWAYS_SEARCH_USER_PATHS = NO;
				CLANG_CXX_LANGUAGE_STANDARD = "gnu++0x";
				CLANG_CXX_LIBRARY = "libc++";
				CLANG_ENABLE_MODULES = YES;
				CLANG_ENABLE_OBJC_ARC = YES;
				CLANG_WARN_BOOL_CONVERSION = YES;
				CLANG_WARN_CONSTANT_CONVERSION = YES;
				CLANG_WARN_DIRECT_OBJC_ISA_USAGE = YES_ERROR;
				CLANG_WARN_EMPTY_BODY = YES;
				CLANG_WARN_ENUM_CONVERSION = YES;
				CLANG_WARN_INT_CONVERSION = YES;
				CLANG_WARN_OBJC_ROOT_CLASS = YES_ERROR;
				CLANG_WARN_UNREACHABLE_CODE = YES;
				CLANG_WARN__DUPLICATE_METHOD_MATCH = YES;
				"CODE_SIGN_IDENTITY[sdk=iphoneos*]" = "iPhone Developer";
				COPY_PHASE_STRIP = NO;
				DEBUG_INFORMATION_FORMAT = "dwarf-with-dsym";
				ENABLE_NS_ASSERTIONS = NO;
				ENABLE_STRICT_OBJC_MSGSEND = YES;
				GCC_C_LANGUAGE_STANDARD = gnu99;
				GCC_NO_COMMON_BLOCKS = YES;
				GCC_WARN_64_TO_32_BIT_CONVERSION = YES;
				GCC_WARN_ABOUT_RETURN_TYPE = YES_ERROR;
				GCC_WARN_UNDECLARED_SELECTOR = YES;
				GCC_WARN_UNINITIALIZED_AUTOS = YES_AGGRESSIVE;
				GCC_WARN_UNUSED_FUNCTION = YES;
				GCC_WARN_UNUSED_VARIABLE = YES;
				IPHONEOS_DEPLOYMENT_TARGET = 9.2;
				MTL_ENABLE_DEBUG_INFO = NO;
				SDKROOT = iphoneos;
				TARGETED_DEVICE_FAMILY = "1,2";
				VALIDATE_PRODUCT = YES;
			};
			name = Release;
		};
		CA897F151C7D91AE00441D35 /* Debug */ = {
			isa = XCBuildConfiguration;
			baseConfigurationReference = 61A6A42B7287257D5D2D17A0 /* Pods.debug.xcconfig */;
			buildSettings = {
				ASSETCATALOG_COMPILER_APPICON_NAME = AppIcon;
				INFOPLIST_FILE = DemoPodChat/Info.plist;
				IPHONEOS_DEPLOYMENT_TARGET = 8.0;
				LD_RUNPATH_SEARCH_PATHS = "$(inherited) @executable_path/Frameworks";
				PRODUCT_BUNDLE_IDENTIFIER = thanhson.DemoPodChat;
				PRODUCT_NAME = "$(TARGET_NAME)";
			};
			name = Debug;
		};
		CA897F161C7D91AE00441D35 /* Release */ = {
			isa = XCBuildConfiguration;
			baseConfigurationReference = ACEA2933B39D6F7DDB32B2E2 /* Pods.release.xcconfig */;
			buildSettings = {
				ASSETCATALOG_COMPILER_APPICON_NAME = AppIcon;
				INFOPLIST_FILE = DemoPodChat/Info.plist;
				IPHONEOS_DEPLOYMENT_TARGET = 8.0;
				LD_RUNPATH_SEARCH_PATHS = "$(inherited) @executable_path/Frameworks";
				PRODUCT_BUNDLE_IDENTIFIER = thanhson.DemoPodChat;
				PRODUCT_NAME = "$(TARGET_NAME)";
			};
			name = Release;
		};
		CA897F181C7D91AE00441D35 /* Debug */ = {
			isa = XCBuildConfiguration;
			baseConfigurationReference = 61A6A42B7287257D5D2D17A0 /* Pods.debug.xcconfig */;
			buildSettings = {
				BUNDLE_LOADER = "$(TEST_HOST)";
				INFOPLIST_FILE = DemoPodChatTests/Info.plist;
				LD_RUNPATH_SEARCH_PATHS = "$(inherited) @executable_path/Frameworks @loader_path/Frameworks";
				PRODUCT_BUNDLE_IDENTIFIER = thanhson.DemoPodChatTests;
				PRODUCT_NAME = "$(TARGET_NAME)";
				TEST_HOST = "$(BUILT_PRODUCTS_DIR)/DemoPodChat.app/DemoPodChat";
			};
			name = Debug;
		};
		CA897F191C7D91AE00441D35 /* Release */ = {
			isa = XCBuildConfiguration;
			baseConfigurationReference = ACEA2933B39D6F7DDB32B2E2 /* Pods.release.xcconfig */;
			buildSettings = {
				BUNDLE_LOADER = "$(TEST_HOST)";
				INFOPLIST_FILE = DemoPodChatTests/Info.plist;
				LD_RUNPATH_SEARCH_PATHS = "$(inherited) @executable_path/Frameworks @loader_path/Frameworks";
				PRODUCT_BUNDLE_IDENTIFIER = thanhson.DemoPodChatTests;
				PRODUCT_NAME = "$(TARGET_NAME)";
				TEST_HOST = "$(BUILT_PRODUCTS_DIR)/DemoPodChat.app/DemoPodChat";
			};
			name = Release;
		};
		CA897F1B1C7D91AE00441D35 /* Debug */ = {
			isa = XCBuildConfiguration;
			baseConfigurationReference = 61A6A42B7287257D5D2D17A0 /* Pods.debug.xcconfig */;
			buildSettings = {
				INFOPLIST_FILE = DemoPodChatUITests/Info.plist;
				LD_RUNPATH_SEARCH_PATHS = "$(inherited) @executable_path/Frameworks @loader_path/Frameworks";
				PRODUCT_BUNDLE_IDENTIFIER = thanhson.DemoPodChatUITests;
				PRODUCT_NAME = "$(TARGET_NAME)";
				TEST_TARGET_NAME = DemoPodChat;
				USES_XCTRUNNER = YES;
			};
			name = Debug;
		};
		CA897F1C1C7D91AE00441D35 /* Release */ = {
			isa = XCBuildConfiguration;
			baseConfigurationReference = ACEA2933B39D6F7DDB32B2E2 /* Pods.release.xcconfig */;
			buildSettings = {
				INFOPLIST_FILE = DemoPodChatUITests/Info.plist;
				LD_RUNPATH_SEARCH_PATHS = "$(inherited) @executable_path/Frameworks @loader_path/Frameworks";
				PRODUCT_BUNDLE_IDENTIFIER = thanhson.DemoPodChatUITests;
				PRODUCT_NAME = "$(TARGET_NAME)";
				TEST_TARGET_NAME = DemoPodChat;
				USES_XCTRUNNER = YES;
			};
			name = Release;
		};
/* End XCBuildConfiguration section */

/* Begin XCConfigurationList section */
		CA897EE21C7D91AE00441D35 /* Build configuration list for PBXProject "DemoPodChat" */ = {
			isa = XCConfigurationList;
			buildConfigurations = (
				CA897F121C7D91AE00441D35 /* Debug */,
				CA897F131C7D91AE00441D35 /* Release */,
			);
			defaultConfigurationIsVisible = 0;
			defaultConfigurationName = Release;
		};
		CA897F141C7D91AE00441D35 /* Build configuration list for PBXNativeTarget "DemoPodChat" */ = {
			isa = XCConfigurationList;
			buildConfigurations = (
				CA897F151C7D91AE00441D35 /* Debug */,
				CA897F161C7D91AE00441D35 /* Release */,
			);
			defaultConfigurationIsVisible = 0;
			defaultConfigurationName = Release;
		};
		CA897F171C7D91AE00441D35 /* Build configuration list for PBXNativeTarget "DemoPodChatTests" */ = {
			isa = XCConfigurationList;
			buildConfigurations = (
				CA897F181C7D91AE00441D35 /* Debug */,
				CA897F191C7D91AE00441D35 /* Release */,
			);
			defaultConfigurationIsVisible = 0;
			defaultConfigurationName = Release;
		};
		CA897F1A1C7D91AE00441D35 /* Build configuration list for PBXNativeTarget "DemoPodChatUITests" */ = {
			isa = XCConfigurationList;
			buildConfigurations = (
				CA897F1B1C7D91AE00441D35 /* Debug */,
				CA897F1C1C7D91AE00441D35 /* Release */,
			);
			defaultConfigurationIsVisible = 0;
			defaultConfigurationName = Release;
		};
/* End XCConfigurationList section */
	};
	rootObject = CA897EDF1C7D91AE00441D35 /* Project object */;
}
